
Microsoft Visual Studio Solution File, Format Version 12.00
# Visual Studio Version 17
VisualStudioVersion = 17.9.34701.34
MinimumVisualStudioVersion = 10.0.40219.1
Project("{2150E333-8FDC-42A3-9474-1A3956D46DE8}") = "Dominio", "Dominio", "{79B4DBD2-258B-4640-85CD-A8753EA37D4E}"
EndProject
Project("{2150E333-8FDC-42A3-9474-1A3956D46DE8}") = "Presentacion", "Presentacion", "{3D5EC4EA-7EE9-482F-BEB1-D147AC0DFEC6}"
EndProject
Project("{9A19103F-16F7-4668-BE54-9A1E7A4F7556}") = "Opain.Jarvis.Dominio.Entidades", "Opain.Jarvis.Dominio.Entidades\Opain.Jarvis.Dominio.Entidades.csproj", "{159B32E4-6487-4173-92C2-0D2357F462D6}"
EndProject
Project("{9A19103F-16F7-4668-BE54-9A1E7A4F7556}") = "Opain.Jarvis.Presentacion.Web", "Opain.Jarvis.Presentacion.Web\Opain.Jarvis.Presentacion.Web.csproj", "{F92058F5-297B-4191-A181-0D33C3CCABEF}"
	ProjectSection(ProjectDependencies) = postProject
		{159B32E4-6487-4173-92C2-0D2357F462D6} = {159B32E4-6487-4173-92C2-0D2357F462D6}
	EndProjectSection
EndProject
Project("{2150E333-8FDC-42A3-9474-1A3956D46DE8}") = "Solution Items", "Solution Items", "{7F053EDF-12CA-4D8B-B886-7A9A57F24FE9}"
	ProjectSection(SolutionItems) = preProject
		.filenesting.json = .filenesting.json
	EndProjectSection
EndProject
Global
	GlobalSection(SolutionConfigurationPlatforms) = preSolution
		Debug|Any CPU = Debug|Any CPU
		Release|Any CPU = Release|Any CPU
	EndGlobalSection
	GlobalSection(ProjectConfigurationPlatforms) = postSolution
		{159B32E4-6487-4173-92C2-0D2357F462D6}.Debug|Any CPU.ActiveCfg = Debug|Any CPU
		{159B32E4-6487-4173-92C2-0D2357F462D6}.Debug|Any CPU.Build.0 = Debug|Any CPU
		{159B32E4-6487-4173-92C2-0D2357F462D6}.Release|Any CPU.ActiveCfg = Release|Any CPU
		{159B32E4-6487-4173-92C2-0D2357F462D6}.Release|Any CPU.Build.0 = Release|Any CPU
		{F92058F5-297B-4191-A181-0D33C3CCABEF}.Debug|Any CPU.ActiveCfg = Debug|Any CPU
		{F92058F5-297B-4191-A181-0D33C3CCABEF}.Debug|Any CPU.Build.0 = Debug|Any CPU
		{F92058F5-297B-4191-A181-0D33C3CCABEF}.Release|Any CPU.ActiveCfg = Release|Any CPU
		{F92058F5-297B-4191-A181-0D33C3CCABEF}.Release|Any CPU.Build.0 = Release|Any CPU
	EndGlobalSection
	GlobalSection(SolutionProperties) = preSolution
		HideSolutionNode = FALSE
	EndGlobalSection
	GlobalSection(NestedProjects) = preSolution
		{159B32E4-6487-4173-92C2-0D2357F462D6} = {79B4DBD2-258B-4640-85CD-A8753EA37D4E}
		{F92058F5-297B-4191-A181-0D33C3CCABEF} = {3D5EC4EA-7EE9-482F-BEB1-D147AC0DFEC6}
	EndGlobalSection
	GlobalSection(ExtensibilityGlobals) = postSolution
		SolutionGuid = {315FA0E8-3BDC-4DA3-B38D-A1D655BD561C}
	EndGlobalSection
EndGlobal
